{
  "requires": true,
  "lockfileVersion": 1,
  "dependencies": {
    "sweetalert2": {
      "version": "11.3.1",
      "resolved": "https://registry.npmjs.org/sweetalert2/-/sweetalert2-11.3.1.tgz",
      "integrity": "sha512-p+8lC/j+x1Fi5RY77f0h4gYAIC9zC8eG+wfKt/CmxolGB8PK2yvEgJ3Gqa1wY6OkzH6Mm3MYbVCgj7IwyoID6g=="
    }
  }
}
